{
  "version": "2",
  "remote": {
    "https://deno.land/std@0.106.0/fmt/colors.ts": "d2f8355f00a74404668fc5a1e4a92983ce1a9b0a6ac1d40efbd681cb8f519586",
    "https://deno.land/std@0.182.0/fmt/colors.ts": "d67e3cd9f472535241a8e410d33423980bec45047e343577554d3356e1f0ef4e",
    "https://deno.land/std@0.182.0/testing/_diff.ts": "1a3c044aedf77647d6cac86b798c6417603361b66b54c53331b312caeb447aea",
    "https://deno.land/std@0.182.0/testing/_format.ts": "a69126e8a469009adf4cf2a50af889aca364c349797e63174884a52ff75cf4c7",
    "https://deno.land/std@0.182.0/testing/asserts.ts": "e16d98b4d73ffc4ed498d717307a12500ae4f2cbe668f1a215632d19fcffc22f",
    "https://deno.land/std@0.97.0/fmt/colors.ts": "db22b314a2ae9430ae7460ce005e0a7130e23ae1c999157e3bb77cf55800f7e4",
    "https://deno.land/std@0.97.0/testing/_diff.ts": "961eaf6d9f5b0a8556c9d835bbc6fa74f5addd7d3b02728ba7936ff93364f7a3",
    "https://deno.land/std@0.97.0/testing/asserts.ts": "341292d12eebc44be4c3c2ca101ba8b6b5859cef2fa69d50c217f9d0bfbcfd1f",
    "https://deno.land/x/expect@v0.2.9/expect.ts": "128c60f94ff3f977e2a649463238e403f9bdb8e6ab77e65214c0236bd61b0111",
    "https://deno.land/x/expect@v0.2.9/matchers.ts": "ba7360b73c5031a22449fa98eb4d5dbe7f256a88dd4c22ccae96dc6c01f0b19c",
    "https://deno.land/x/expect@v0.2.9/mock.ts": "562d4b1d735d15b0b8e935f342679096b64fe452f86e96714fe8616c0c884914",
    "https://deno.land/x/expect@v0.2.9/mod.ts": "0304d2430e1e96ba669a8495e24ba606dcc3d152e1f81aaa8da898cea24e36c2",
    "https://deno.land/x/expect@v0.3.0/expect.ts": "5e6717eddc9df376f7b2c9be6403e016130bb2edbb1acd261a2d6ea9608ee196",
    "https://deno.land/x/expect@v0.3.0/matchers.ts": "a37ef4577739247af77a852cdcd69484f999a41ad86ec16bb63a88a7a47a2372",
    "https://deno.land/x/expect@v0.3.0/mock.ts": "562d4b1d735d15b0b8e935f342679096b64fe452f86e96714fe8616c0c884914",
    "https://deno.land/x/expect@v0.3.0/mod.ts": "0304d2430e1e96ba669a8495e24ba606dcc3d152e1f81aaa8da898cea24e36c2",
    "https://deno.land/x/free_port@v1.2.0/mod.ts": "512646732aaea41fbfd1f210f3ae82660f38251777d189d290da331d0235a58e",
    "https://deno.land/x/superfetch@1.0.4/deps.ts": "dd5b09bea472d8c533322836f3339332d48cd97c5c8b122ab0366933a07a8e19",
    "https://deno.land/x/superfetch@1.0.4/mod.ts": "81af856da636fae38f5a3d468b8a04912faf37ce6791098148aa2a9609b662ee",
    "https://deno.land/x/superfetch@1.0.4/types.ts": "6f4cc8eb685320002138980dd0893f5eeafe2a9725c8918f8dc21743f99e6b18",
    "https://deno.land/x/tincan@1.0.1/mod.ts": "9473507398048cb24dbb37b3a220777106c69c28d573898648deb2bb84a7e131",
    "https://deno.land/x/tincan@1.0.1/src/deps.ts": "b02ae57b7ab5035b903f2526b278c26a301e05242668a77eb9e2e82011b651aa",
    "https://deno.land/x/tincan@1.0.1/src/environment.ts": "1096dc35b77ee070bba03584489f71c446574d3a7676936ab0bb4aed507d7e27",
    "https://deno.land/x/tincan@1.0.1/src/mod.ts": "faf52271dbf61ff40b29d60e1d4f8d80f4ad167beebc40905d16779617d07463",
    "https://deno.land/x/tincan@1.0.1/src/nodes/mod.ts": "c22f058dd205d10c3b261c9afdbcd95a8eb807401e822f9c899cca2ab0f16473",
    "https://deno.land/x/tincan@1.0.1/src/nodes/nodes.ts": "a8b8b3178868c8b13a6d4d0c96cb41e4c1df48719a8cd2977495af9f9352ab04",
    "https://deno.land/x/tincan@1.0.1/src/nodes/tree.ts": "c119fb6a2ee1fe9833b70111382cc8d9a3f5b875b4bb65a0e8774d919193faa3",
    "https://deno.land/x/tincan@1.0.1/src/nodes/utilities.ts": "5e6a6f0e2650df4e10f7dfde889ef88a588fe9c3b3618aca2acd47e80b3ee3d8",
    "https://deno.land/x/tincan@1.0.1/src/reporter.ts": "84e09297da18c840076be951c02c749678b75dc89b2575f34db1378cbb509939",
    "https://deno.land/x/tincan@1.0.1/src/runner.ts": "54e1a0934a52469437bd4655df51f0c9148327d94a2b0d6c175f6f992a697b86"
  }
}
